
Microsoft Visual Studio Solution File, Format Version 11.00
# Visual Studio 2010
# SharpDevelop 4.4
Project("{FAE04EC0-301F-11D3-BF4B-00C04F79EFBC}") = "간단한게임", "간단한게임.csproj", "{683D986C-51C7-4DFD-AAB4-F56764E5CF03}"
EndProject
Global
	GlobalSection(SolutionConfigurationPlatforms) = preSolution
		Debug|Any CPU = Debug|Any CPU
		Release|Any CPU = Release|Any CPU
	EndGlobalSection
	GlobalSection(ProjectConfigurationPlatforms) = postSolution
		{683D986C-51C7-4DFD-AAB4-F56764E5CF03}.Debug|Any CPU.Build.0 = Debug|Any CPU
		{683D986C-51C7-4DFD-AAB4-F56764E5CF03}.Debug|Any CPU.ActiveCfg = Debug|Any CPU
		{683D986C-51C7-4DFD-AAB4-F56764E5CF03}.Release|Any CPU.Build.0 = Release|Any CPU
		{683D986C-51C7-4DFD-AAB4-F56764E5CF03}.Release|Any CPU.ActiveCfg = Release|Any CPU
	EndGlobalSection
EndGlobal
